
Microsoft Visual Studio Solution File, Format Version 12.00
# Visual Studio Version 16
VisualStudioVersion = 25.0.1705.5
MinimumVisualStudioVersion = 10.0.40219.1
Project("{FAE04EC0-301F-11D3-BF4B-00C04F79EFBC}") = "T2204M_ASPNETMVC", "T2204M_ASPNETMVC\T2204M_ASPNETMVC.csproj", "{6A9D94F3-3904-4D40-8A7C-8F7D84051EE1}"
EndProject
Project("{2150E333-8FDC-42A3-9474-1A3956D46DE8}") = "Solution Items", "Solution Items", "{7119A7B3-5F48-45B7-B33F-CA58ACE09254}"
	ProjectSection(SolutionItems) = preProject
		.gitignore = .gitignore
	EndProjectSection
EndProject
Project("{FAE04EC0-301F-11D3-BF4B-00C04F79EFBC}") = "T2204M_API", "T2204M_API\T2204M_API.csproj", "{7AEA8AFE-E706-48A4-BF1A-82E39EF4CB9B}"
EndProject
Global
	GlobalSection(SolutionConfigurationPlatforms) = preSolution
		Debug|Any CPU = Debug|Any CPU
		Release|Any CPU = Release|Any CPU
	EndGlobalSection
	GlobalSection(ProjectConfigurationPlatforms) = postSolution
		{6A9D94F3-3904-4D40-8A7C-8F7D84051EE1}.Debug|Any CPU.ActiveCfg = Debug|Any CPU
		{6A9D94F3-3904-4D40-8A7C-8F7D84051EE1}.Debug|Any CPU.Build.0 = Debug|Any CPU
		{6A9D94F3-3904-4D40-8A7C-8F7D84051EE1}.Release|Any CPU.ActiveCfg = Release|Any CPU
		{6A9D94F3-3904-4D40-8A7C-8F7D84051EE1}.Release|Any CPU.Build.0 = Release|Any CPU
		{7AEA8AFE-E706-48A4-BF1A-82E39EF4CB9B}.Debug|Any CPU.ActiveCfg = Debug|Any CPU
		{7AEA8AFE-E706-48A4-BF1A-82E39EF4CB9B}.Debug|Any CPU.Build.0 = Debug|Any CPU
		{7AEA8AFE-E706-48A4-BF1A-82E39EF4CB9B}.Release|Any CPU.ActiveCfg = Release|Any CPU
		{7AEA8AFE-E706-48A4-BF1A-82E39EF4CB9B}.Release|Any CPU.Build.0 = Release|Any CPU
	EndGlobalSection
	GlobalSection(SolutionProperties) = preSolution
		HideSolutionNode = FALSE
	EndGlobalSection
	GlobalSection(ExtensibilityGlobals) = postSolution
		SolutionGuid = {A560F025-657B-4BCB-A067-FB66AAC053B3}
	EndGlobalSection
EndGlobal
